<?xml version="1.0" encoding="utf-8"?>
<Project ToolsVersion="4.0" xmlns="http://schemas.microsoft.com/developer/msbuild/2003">
  <ItemGroup>
    <ClCompile Include="src\Core\Application.cpp" />
    <ClCompile Include="src\EntryPoint.cpp" />
    <ClCompile Include="src\Math\BoundingBox.cpp" />
    <ClCompile Include="src\Math\Quaternion.cpp" />
    <ClCompile Include="src\Math\Random.cpp" />
    <ClCompile Include="src\OldCode.cpp" />
    <ClCompile Include="src\Math\Matrix.cpp" />
    <ClCompile Include="src\Math\Ray.cpp" />
    <ClCompile Include="src\Renderer\AntiAliasing.cpp" />
    <ClCompile Include="src\Renderer\Camera.cpp" />
    <ClCompile Include="src\Renderer\Light.cpp" />
    <ClCompile Include="src\Renderer\SceneRenderer.cpp" />
    <ClCompile Include="src\Scene\Scene.cpp" />
    <ClCompile Include="src\Math\Vector.cpp" />
    <ClCompile Include="src\Scene\SceneLoader.cpp" />
    <ClCompile Include="src\Scene\SceneObject.cpp" />
    <ClCompile Include="src\Renderer\Grid.cpp" />
    <ClCompile Include="src\Renderer\BVH.cpp" />
    <ClCompile Include="src\Renderer\Sample.cpp" />
    <ClCompile Include="src\Sandbox\Sandbox.cpp" />
    <ClCompile Include="src\pch.cpp" />
  </ItemGroup>
  <ItemGroup>
    <ClInclude Include="src\Core\Application.h" />
    <ClInclude Include="src\Core\Base.h" />
    <ClInclude Include="src\Core\Constant.h" />
    <ClInclude Include="src\Core\Layer.h" />
    <ClInclude Include="src\Core\Utility.h" />
    <ClInclude Include="src\Math\BoundingBox.h" />
    <ClInclude Include="src\Math\Matrix.h" />
    <ClInclude Include="src\Math\Quaternion.h" />
    <ClInclude Include="src\Math\Random.h" />
    <ClInclude Include="src\RayTracer.h" />
    <ClInclude Include="src\Renderer\AntiAliasing.h" />
    <ClInclude Include="src\Renderer\Camera.h" />
    <ClInclude Include="src\Renderer\Grid.h" />
    <ClInclude Include="src\Math\Ray.h" />
    <ClInclude Include="src\Renderer\Light.h" />
    <ClInclude Include="src\Renderer\Material.h" />
    <ClInclude Include="src\Renderer\SceneRenderer.h" />
    <ClInclude Include="src\Scene\Scene.h" />
    <ClInclude Include="src\Math\Vector.h" />
    <ClInclude Include="src\Scene\SceneLoader.h" />
    <ClInclude Include="src\Scene\SceneObject.h" />
    <ClInclude Include="src\Renderer\BVH.h" />
    <ClInclude Include="src\Renderer\Sample.h" />
    <ClInclude Include="src\pch.h" />
    <ClInclude Include="src\Sandbox\Sandbox.h" />
    <ClInclude Include="src\Math\PerlinNoise.hpp" />
    <ClInclude Include="src\Math\Maths.h" />
  </ItemGroup>
  <ItemGroup>
    <Image Include="skybox\back.jpg" />
    <Image Include="skybox\bottom.jpg" />
    <Image Include="skybox\front.jpg" />
    <Image Include="skybox\left.jpg" />
    <Image Include="skybox\right.jpg" />
    <Image Include="skybox\top.jpg" />
  </ItemGroup>
  <ItemGroup>
    <None Include="assets\scenesP3D\balls_transparent.p3f" />
    <None Include="Dependencies.exe" />
    <None Include="P3D_Scenes\balls_box.p3f" />
    <None Include="P3D_Scenes\balls_high.p3f" />
    <None Include="P3D_Scenes\balls_low.p3f" />
    <None Include="P3D_Scenes\balls_medium.p3f" />
  </ItemGroup>
</Project>